PODS:
  - InputBarAccessoryView (5.4.0):
    - InputBarAccessoryView/Core (= 5.4.0)
  - InputBarAccessoryView/Core (5.4.0)
  - MessageKit (3.7.0):
    - InputBarAccessoryView (~> 5.4.0)
  - SnapKit (5.0.1)

DEPENDENCIES:
  - MessageKit
  - SnapKit

SPEC REPOS:
  trunk:
    - InputBarAccessoryView
    - MessageKit
    - SnapKit

SPEC CHECKSUMS:
  InputBarAccessoryView: 74d471ab1fa1736806be50328df79257e52865a9
  MessageKit: 8e76dd8d65ad44b49e1651c673497146416461e9
  SnapKit: 97b92857e3df3a0c71833cce143274bf6ef8e5eb

PODFILE CHECKSUM: 03926640ba09f3564c9a66e3a23f34ad0b32815c

COCOAPODS: 1.10.1
